// !$*UTF8*$!
{
	archiveVersion = 1;
	classes = {
	};
	objectVersion = 50;
	objects = {

/* Begin PBXBuildFile section */
		0D9980332CDDAF3A004DF40A /* PixVideo.framework in Embed Frameworks */ = {isa = PBXBuildFile; fileRef = 0D9980322CDDAF3A004DF40A /* PixVideo.framework */; settings = {ATTRIBUTES = (CodeSignOnCopy, RemoveHeadersOnCopy, ); }; };
		0D9980352CDDAF3A004DF40A /* PixVideoCore.framework in Embed Frameworks */ = {isa = PBXBuildFile; fileRef = 0D9980342CDDAF3A004DF40A /* PixVideoCore.framework */; settings = {ATTRIBUTES = (CodeSignOnCopy, RemoveHeadersOnCopy, ); }; };
		0D9980372CDDAF60004DF40A /* PixVideo.framework in Frameworks */ = {isa = PBXBuildFile; fileRef = 0D9980362CDDAF60004DF40A /* PixVideo.framework */; };
		0D9980392CDDAF60004DF40A /* PixVideoCore.framework in Frameworks */ = {isa = PBXBuildFile; fileRef = 0D9980382CDDAF60004DF40A /* PixVideoCore.framework */; };
		0D99803B2CDDB0A6004DF40A /* h5_player.h in Sources */ = {isa = PBXBuildFile; fileRef = 0D99803A2CDDB0A6004DF40A /* h5_player.h */; };
		0D99803D2CDDB0AD004DF40A /* pandora_player.h in Sources */ = {isa = PBXBuildFile; fileRef = 0D99803C2CDDB0AD004DF40A /* pandora_player.h */; };
		E68C87B92C787C8F000F5906 /* pixuiCurl.framework in Frameworks */ = {isa = PBXBuildFile; fileRef = E68C87B82C787C8F000F5906 /* pixuiCurl.framework */; };
		E68C87BA2C787C8F000F5906 /* pixuiCurl.framework in Embed Frameworks */ = {isa = PBXBuildFile; fileRef = E68C87B82C787C8F000F5906 /* pixuiCurl.framework */; settings = {ATTRIBUTES = (CodeSignOnCopy, RemoveHeadersOnCopy, ); }; };
		E6A1735B2C76F18100D68D5C /* pxauth.framework in Frameworks */ = {isa = PBXBuildFile; fileRef = E6A1735A2C76F18100D68D5C /* pxauth.framework */; };
		E6A1735C2C76F18100D68D5C /* pxauth.framework in Embed Frameworks */ = {isa = PBXBuildFile; fileRef = E6A1735A2C76F18100D68D5C /* pxauth.framework */; settings = {ATTRIBUTES = (CodeSignOnCopy, RemoveHeadersOnCopy, ); }; };
		ED07BE5E23A08AB00049B26F /* 1.mp4 in Resources */ = {isa = PBXBuildFile; fileRef = ED07BE5623A08AAF0049B26F /* 1.mp4 */; };
		ED07BE5F23A08AB00049B26F /* test_mpeg.mp4 in Resources */ = {isa = PBXBuildFile; fileRef = ED07BE5723A08AAF0049B26F /* test_mpeg.mp4 */; };
		ED07BE6023A08AB00049B26F /* Mpeg4_Video_2.mp4 in Resources */ = {isa = PBXBuildFile; fileRef = ED07BE5823A08AAF0049B26F /* Mpeg4_Video_2.mp4 */; };
		ED07BE6123A08AB00049B26F /* LoginVideo.mp4 in Resources */ = {isa = PBXBuildFile; fileRef = ED07BE5923A08AAF0049B26F /* LoginVideo.mp4 */; };
		ED07BE6223A08AB00049B26F /* LoginBg.mp4 in Resources */ = {isa = PBXBuildFile; fileRef = ED07BE5A23A08AAF0049B26F /* LoginBg.mp4 */; };
		ED07BE6323A08AB00049B26F /* 4.mp4 in Resources */ = {isa = PBXBuildFile; fileRef = ED07BE5B23A08AAF0049B26F /* 4.mp4 */; };
		ED07BE6423A08AB00049B26F /* 3.mp4 in Resources */ = {isa = PBXBuildFile; fileRef = ED07BE5C23A08AAF0049B26F /* 3.mp4 */; };
		ED07BE6523A08AB00049B26F /* 2.mp4 in Resources */ = {isa = PBXBuildFile; fileRef = ED07BE5D23A08AAF0049B26F /* 2.mp4 */; };
		ED07BE6723A0C4B70049B26F /* header.mp4 in Resources */ = {isa = PBXBuildFile; fileRef = ED07BE6623A0C4B70049B26F /* header.mp4 */; };
		ED6B3D7B286C495A00C374A1 /* atmos_test.mp4 in Resources */ = {isa = PBXBuildFile; fileRef = ED6B3D7A286C495A00C374A1 /* atmos_test.mp4 */; };
		EDE2197622801290008FAFF8 /* AppDelegate.m in Sources */ = {isa = PBXBuildFile; fileRef = EDE2197522801290008FAFF8 /* AppDelegate.m */; };
		EDE2197922801290008FAFF8 /* Renderer.m in Sources */ = {isa = PBXBuildFile; fileRef = EDE2197822801290008FAFF8 /* Renderer.m */; };
		EDE2197C22801290008FAFF8 /* GameViewController.m in Sources */ = {isa = PBXBuildFile; fileRef = EDE2197B22801290008FAFF8 /* GameViewController.m */; };
		EDE2197E22801290008FAFF8 /* Shaders.metal in Sources */ = {isa = PBXBuildFile; fileRef = EDE2197D22801290008FAFF8 /* Shaders.metal */; };
		EDE2198222801290008FAFF8 /* Main.storyboard in Resources */ = {isa = PBXBuildFile; fileRef = EDE2198022801290008FAFF8 /* Main.storyboard */; };
		EDE2198422801291008FAFF8 /* Assets.xcassets in Resources */ = {isa = PBXBuildFile; fileRef = EDE2198322801291008FAFF8 /* Assets.xcassets */; };
		EDE2198722801291008FAFF8 /* LaunchScreen.storyboard in Resources */ = {isa = PBXBuildFile; fileRef = EDE2198522801291008FAFF8 /* LaunchScreen.storyboard */; };
		EDE2198A22801291008FAFF8 /* main.m in Sources */ = {isa = PBXBuildFile; fileRef = EDE2198922801291008FAFF8 /* main.m */; };
/* End PBXBuildFile section */

/* Begin PBXCopyFilesBuildPhase section */
		ED97C4CB296D16D0004E6137 /* Embed Frameworks */ = {
			isa = PBXCopyFilesBuildPhase;
			buildActionMask = 2147483647;
			dstPath = "";
			dstSubfolderSpec = 10;
			files = (
				E6A1735C2C76F18100D68D5C /* pxauth.framework in Embed Frameworks */,
				0D9980332CDDAF3A004DF40A /* PixVideo.framework in Embed Frameworks */,
				0D9980352CDDAF3A004DF40A /* PixVideoCore.framework in Embed Frameworks */,
				E68C87BA2C787C8F000F5906 /* pixuiCurl.framework in Embed Frameworks */,
			);
			name = "Embed Frameworks";
			runOnlyForDeploymentPostprocessing = 0;
		};
/* End PBXCopyFilesBuildPhase section */

/* Begin PBXFileReference section */
		0D9980322CDDAF3A004DF40A /* PixVideo.framework */ = {isa = PBXFileReference; explicitFileType = wrapper.framework; path = PixVideo.framework; sourceTree = BUILT_PRODUCTS_DIR; };
		0D9980342CDDAF3A004DF40A /* PixVideoCore.framework */ = {isa = PBXFileReference; explicitFileType = wrapper.framework; path = PixVideoCore.framework; sourceTree = BUILT_PRODUCTS_DIR; };
		0D9980362CDDAF60004DF40A /* PixVideo.framework */ = {isa = PBXFileReference; explicitFileType = wrapper.framework; path = PixVideo.framework; sourceTree = BUILT_PRODUCTS_DIR; };
		0D9980382CDDAF60004DF40A /* PixVideoCore.framework */ = {isa = PBXFileReference; explicitFileType = wrapper.framework; path = PixVideoCore.framework; sourceTree = BUILT_PRODUCTS_DIR; };
		0D99803A2CDDB0A6004DF40A /* h5_player.h */ = {isa = PBXFileReference; lastKnownFileType = sourcecode.c.h; name = h5_player.h; path = ../../ijkmedia/pixvideo/h5_player.h; sourceTree = "<group>"; };
		0D99803C2CDDB0AD004DF40A /* pandora_player.h */ = {isa = PBXFileReference; lastKnownFileType = sourcecode.c.h; name = pandora_player.h; path = ../../ijkmedia/pixvideo/pandora_player.h; sourceTree = "<group>"; };
		E68C87AE2C78790E000F5906 /* pixuiCurl.framework */ = {isa = PBXFileReference; lastKnownFileType = wrapper.framework; name = pixuiCurl.framework; path = ../pixuiCurl/pixuiCurl.framework; sourceTree = "<group>"; };
		E68C87B82C787C8F000F5906 /* pixuiCurl.framework */ = {isa = PBXFileReference; lastKnownFileType = wrapper.framework; name = pixuiCurl.framework; path = ../pixuiCurl/lib/pixuiCurl.framework; sourceTree = "<group>"; };
		E6A1735A2C76F18100D68D5C /* pxauth.framework */ = {isa = PBXFileReference; lastKnownFileType = wrapper.framework; name = pxauth.framework; path = ../pxauth/lib/pxauth.framework; sourceTree = "<group>"; };
		ED07BE5623A08AAF0049B26F /* 1.mp4 */ = {isa = PBXFileReference; lastKnownFileType = file; name = 1.mp4; path = demo/Assets.xcassets/1.mp4; sourceTree = "<group>"; };
		ED07BE5723A08AAF0049B26F /* test_mpeg.mp4 */ = {isa = PBXFileReference; lastKnownFileType = file; name = test_mpeg.mp4; path = demo/Assets.xcassets/test_mpeg.mp4; sourceTree = "<group>"; };
		ED07BE5823A08AAF0049B26F /* Mpeg4_Video_2.mp4 */ = {isa = PBXFileReference; lastKnownFileType = file; name = Mpeg4_Video_2.mp4; path = demo/Assets.xcassets/Mpeg4_Video_2.mp4; sourceTree = "<group>"; };
		ED07BE5923A08AAF0049B26F /* LoginVideo.mp4 */ = {isa = PBXFileReference; lastKnownFileType = file; name = LoginVideo.mp4; path = demo/Assets.xcassets/LoginVideo.mp4; sourceTree = "<group>"; };
		ED07BE5A23A08AAF0049B26F /* LoginBg.mp4 */ = {isa = PBXFileReference; lastKnownFileType = file; name = LoginBg.mp4; path = demo/Assets.xcassets/LoginBg.mp4; sourceTree = "<group>"; };
		ED07BE5B23A08AAF0049B26F /* 4.mp4 */ = {isa = PBXFileReference; lastKnownFileType = file; name = 4.mp4; path = demo/Assets.xcassets/4.mp4; sourceTree = "<group>"; };
		ED07BE5C23A08AAF0049B26F /* 3.mp4 */ = {isa = PBXFileReference; lastKnownFileType = file; name = 3.mp4; path = demo/Assets.xcassets/3.mp4; sourceTree = "<group>"; };
		ED07BE5D23A08AAF0049B26F /* 2.mp4 */ = {isa = PBXFileReference; lastKnownFileType = file; name = 2.mp4; path = demo/Assets.xcassets/2.mp4; sourceTree = "<group>"; };
		ED07BE6623A0C4B70049B26F /* header.mp4 */ = {isa = PBXFileReference; lastKnownFileType = file; name = header.mp4; path = demo/Assets.xcassets/header.mp4; sourceTree = "<group>"; };
		ED13258927BE30F8001DA111 /* libPixVideo.a */ = {isa = PBXFileReference; explicitFileType = archive.ar; path = libPixVideo.a; sourceTree = BUILT_PRODUCTS_DIR; };
		ED1AE6ED27FD9EA3003E646A /* videoplayer.framework */ = {isa = PBXFileReference; explicitFileType = wrapper.framework; path = videoplayer.framework; sourceTree = BUILT_PRODUCTS_DIR; };
		ED2549B42282ACD800A8C73A /* libvideoplayer.a */ = {isa = PBXFileReference; explicitFileType = archive.ar; path = libvideoplayer.a; sourceTree = BUILT_PRODUCTS_DIR; };
		ED2549B62282AE3800A8C73A /* libavformat.a */ = {isa = PBXFileReference; lastKnownFileType = archive.ar; name = libavformat.a; path = ../build/universal/lib/libavformat.a; sourceTree = "<group>"; };
		ED2549B72282AE3800A8C73A /* libavutil.a */ = {isa = PBXFileReference; lastKnownFileType = archive.ar; name = libavutil.a; path = ../build/universal/lib/libavutil.a; sourceTree = "<group>"; };
		ED2549B82282AE3800A8C73A /* libswresample.a */ = {isa = PBXFileReference; lastKnownFileType = archive.ar; name = libswresample.a; path = ../build/universal/lib/libswresample.a; sourceTree = "<group>"; };
		ED2549B92282AE3800A8C73A /* libavfilter.a */ = {isa = PBXFileReference; lastKnownFileType = archive.ar; name = libavfilter.a; path = ../build/universal/lib/libavfilter.a; sourceTree = "<group>"; };
		ED2549BA2282AE3800A8C73A /* libswscale.a */ = {isa = PBXFileReference; lastKnownFileType = archive.ar; name = libswscale.a; path = ../build/universal/lib/libswscale.a; sourceTree = "<group>"; };
		ED2549BB2282AE3800A8C73A /* libavcodec.a */ = {isa = PBXFileReference; lastKnownFileType = archive.ar; name = libavcodec.a; path = ../build/universal/lib/libavcodec.a; sourceTree = "<group>"; };
		ED2549C22282AEAA00A8C73A /* libavutil.a */ = {isa = PBXFileReference; lastKnownFileType = archive.ar; name = libavutil.a; path = "../videoplayer/libs/ffmpeg-v7-64/lib/libavutil.a"; sourceTree = "<group>"; };
		ED2549C32282AEAA00A8C73A /* libavformat.a */ = {isa = PBXFileReference; lastKnownFileType = archive.ar; name = libavformat.a; path = "../videoplayer/libs/ffmpeg-v7-64/lib/libavformat.a"; sourceTree = "<group>"; };
		ED2549C42282AEAA00A8C73A /* libswresample.a */ = {isa = PBXFileReference; lastKnownFileType = archive.ar; name = libswresample.a; path = "../videoplayer/libs/ffmpeg-v7-64/lib/libswresample.a"; sourceTree = "<group>"; };
		ED2549C52282AEAA00A8C73A /* libavfilter.a */ = {isa = PBXFileReference; lastKnownFileType = archive.ar; name = libavfilter.a; path = "../videoplayer/libs/ffmpeg-v7-64/lib/libavfilter.a"; sourceTree = "<group>"; };
		ED2549C62282AEAA00A8C73A /* libswscale.a */ = {isa = PBXFileReference; lastKnownFileType = archive.ar; name = libswscale.a; path = "../videoplayer/libs/ffmpeg-v7-64/lib/libswscale.a"; sourceTree = "<group>"; };
		ED2549C72282AEAA00A8C73A /* libavcodec.a */ = {isa = PBXFileReference; lastKnownFileType = archive.ar; name = libavcodec.a; path = "../videoplayer/libs/ffmpeg-v7-64/lib/libavcodec.a"; sourceTree = "<group>"; };
		ED6B3D7A286C495A00C374A1 /* atmos_test.mp4 */ = {isa = PBXFileReference; lastKnownFileType = file; name = atmos_test.mp4; path = demo/Assets.xcassets/atmos_test.mp4; sourceTree = "<group>"; };
		ED730F5C27F43C9900FB33B9 /* videoplayer_framework.framework */ = {isa = PBXFileReference; explicitFileType = wrapper.framework; path = videoplayer_framework.framework; sourceTree = BUILT_PRODUCTS_DIR; };
		ED81148F251DC6E300AD9331 /* GRecorderResources.bundle */ = {isa = PBXFileReference; lastKnownFileType = "wrapper.plug-in"; name = GRecorderResources.bundle; path = demo/Frameworks/GRecorderResources.bundle; sourceTree = "<group>"; };
		ED811490251DC6E300AD9331 /* GRecorder.framework */ = {isa = PBXFileReference; lastKnownFileType = wrapper.framework; name = GRecorder.framework; path = demo/Frameworks/GRecorder.framework; sourceTree = "<group>"; };
		ED811491251DC6E300AD9331 /* GRecorderSDK.framework */ = {isa = PBXFileReference; lastKnownFileType = wrapper.framework; name = GRecorderSDK.framework; path = demo/Frameworks/GRecorderSDK.framework; sourceTree = "<group>"; };
		ED811495251DC8C200AD9331 /* libz.tbd */ = {isa = PBXFileReference; lastKnownFileType = "sourcecode.text-based-dylib-definition"; name = libz.tbd; path = usr/lib/libz.tbd; sourceTree = SDKROOT; };
		ED97C4C7296D1554004E6137 /* PixVideo.framework */ = {isa = PBXFileReference; explicitFileType = wrapper.framework; path = PixVideo.framework; sourceTree = BUILT_PRODUCTS_DIR; };
		EDD485B42519DBFC00340D60 /* libLiveVideo.a */ = {isa = PBXFileReference; lastKnownFileType = archive.ar; name = libLiveVideo.a; path = ../../../Desktop/xcodeProj/Libraries/Plugins/iOS/libLiveVideo.a; sourceTree = "<group>"; };
		EDD485B62519DBFF00340D60 /* libpandora.a */ = {isa = PBXFileReference; lastKnownFileType = archive.ar; name = libpandora.a; path = ../../../Desktop/xcodeProj/Libraries/Plugins/iOS/libpandora.a; sourceTree = "<group>"; };
		EDD485B82519DC0200340D60 /* libTCloudUpload.a */ = {isa = PBXFileReference; lastKnownFileType = archive.ar; name = libTCloudUpload.a; path = ../../../Desktop/xcodeProj/Libraries/Plugins/iOS/libTCloudUpload.a; sourceTree = "<group>"; };
		EDD485BA2519DC0C00340D60 /* libresolv.tbd */ = {isa = PBXFileReference; lastKnownFileType = "sourcecode.text-based-dylib-definition"; name = libresolv.tbd; path = usr/lib/libresolv.tbd; sourceTree = SDKROOT; };
		EDD485BC2519DCCA00340D60 /* libLiveVideo.a */ = {isa = PBXFileReference; lastKnownFileType = archive.ar; name = libLiveVideo.a; path = demo/lib/libLiveVideo.a; sourceTree = "<group>"; };
		EDD485BD2519DCCB00340D60 /* libpandora.a */ = {isa = PBXFileReference; lastKnownFileType = archive.ar; name = libpandora.a; path = demo/lib/libpandora.a; sourceTree = "<group>"; };
		EDD485BE2519DCCB00340D60 /* libTCloudUpload.a */ = {isa = PBXFileReference; lastKnownFileType = archive.ar; name = libTCloudUpload.a; path = demo/lib/libTCloudUpload.a; sourceTree = "<group>"; };
		EDE2197122801290008FAFF8 /* demo.app */ = {isa = PBXFileReference; explicitFileType = wrapper.application; includeInIndex = 0; path = demo.app; sourceTree = BUILT_PRODUCTS_DIR; };
		EDE2197422801290008FAFF8 /* AppDelegate.h */ = {isa = PBXFileReference; lastKnownFileType = sourcecode.c.h; path = AppDelegate.h; sourceTree = "<group>"; };
		EDE2197522801290008FAFF8 /* AppDelegate.m */ = {isa = PBXFileReference; lastKnownFileType = sourcecode.c.objc; path = AppDelegate.m; sourceTree = "<group>"; };
		EDE2197722801290008FAFF8 /* Renderer.h */ = {isa = PBXFileReference; lastKnownFileType = sourcecode.c.h; path = Renderer.h; sourceTree = "<group>"; };
		EDE2197822801290008FAFF8 /* Renderer.m */ = {isa = PBXFileReference; lastKnownFileType = sourcecode.c.objc; path = Renderer.m; sourceTree = "<group>"; };
		EDE2197A22801290008FAFF8 /* GameViewController.h */ = {isa = PBXFileReference; lastKnownFileType = sourcecode.c.h; path = GameViewController.h; sourceTree = "<group>"; };
		EDE2197B22801290008FAFF8 /* GameViewController.m */ = {isa = PBXFileReference; lastKnownFileType = sourcecode.c.objc; path = GameViewController.m; sourceTree = "<group>"; };
		EDE2197D22801290008FAFF8 /* Shaders.metal */ = {isa = PBXFileReference; lastKnownFileType = sourcecode.metal; path = Shaders.metal; sourceTree = "<group>"; };
		EDE2197F22801290008FAFF8 /* ShaderTypes.h */ = {isa = PBXFileReference; lastKnownFileType = sourcecode.c.h; path = ShaderTypes.h; sourceTree = "<group>"; };
		EDE2198122801290008FAFF8 /* Base */ = {isa = PBXFileReference; lastKnownFileType = file.storyboard; name = Base; path = Base.lproj/Main.storyboard; sourceTree = "<group>"; };
		EDE2198322801291008FAFF8 /* Assets.xcassets */ = {isa = PBXFileReference; lastKnownFileType = folder.assetcatalog; path = Assets.xcassets; sourceTree = "<group>"; };
		EDE2198622801291008FAFF8 /* Base */ = {isa = PBXFileReference; lastKnownFileType = file.storyboard; name = Base; path = Base.lproj/LaunchScreen.storyboard; sourceTree = "<group>"; };
		EDE2198822801291008FAFF8 /* Info.plist */ = {isa = PBXFileReference; lastKnownFileType = text.plist.xml; path = Info.plist; sourceTree = "<group>"; };
		EDE2198922801291008FAFF8 /* main.m */ = {isa = PBXFileReference; lastKnownFileType = sourcecode.c.objc; path = main.m; sourceTree = "<group>"; };
/* End PBXFileReference section */

/* Begin PBXFrameworksBuildPhase section */
		EDE2196E22801290008FAFF8 /* Frameworks */ = {
			isa = PBXFrameworksBuildPhase;
			buildActionMask = 2147483647;
			files = (
				0D9980372CDDAF60004DF40A /* PixVideo.framework in Frameworks */,
				0D9980392CDDAF60004DF40A /* PixVideoCore.framework in Frameworks */,
				E6A1735B2C76F18100D68D5C /* pxauth.framework in Frameworks */,
				E68C87B92C787C8F000F5906 /* pixuiCurl.framework in Frameworks */,
			);
			runOnlyForDeploymentPostprocessing = 0;
		};
/* End PBXFrameworksBuildPhase section */

/* Begin PBXGroup section */
		ED2549B12282853C00A8C73A /* Frameworks */ = {
			isa = PBXGroup;
			children = (
				0D9980362CDDAF60004DF40A /* PixVideo.framework */,
				0D9980382CDDAF60004DF40A /* PixVideoCore.framework */,
				0D9980322CDDAF3A004DF40A /* PixVideo.framework */,
				0D9980342CDDAF3A004DF40A /* PixVideoCore.framework */,
				E68C87AE2C78790E000F5906 /* pixuiCurl.framework */,
				E68C87B82C787C8F000F5906 /* pixuiCurl.framework */,
				E6A1735A2C76F18100D68D5C /* pxauth.framework */,
				ED97C4C7296D1554004E6137 /* PixVideo.framework */,
				ED1AE6ED27FD9EA3003E646A /* videoplayer.framework */,
				ED730F5C27F43C9900FB33B9 /* videoplayer_framework.framework */,
				ED13258927BE30F8001DA111 /* libPixVideo.a */,
				ED811495251DC8C200AD9331 /* libz.tbd */,
				ED811490251DC6E300AD9331 /* GRecorder.framework */,
				ED81148F251DC6E300AD9331 /* GRecorderResources.bundle */,
				ED811491251DC6E300AD9331 /* GRecorderSDK.framework */,
				EDD485BC2519DCCA00340D60 /* libLiveVideo.a */,
				EDD485BD2519DCCB00340D60 /* libpandora.a */,
				EDD485BE2519DCCB00340D60 /* libTCloudUpload.a */,
				EDD485BA2519DC0C00340D60 /* libresolv.tbd */,
				EDD485B82519DC0200340D60 /* libTCloudUpload.a */,
				EDD485B62519DBFF00340D60 /* libpandora.a */,
				EDD485B42519DBFC00340D60 /* libLiveVideo.a */,
				ED2549BB2282AE3800A8C73A /* libavcodec.a */,
				ED2549C72282AEAA00A8C73A /* libavcodec.a */,
				ED2549B92282AE3800A8C73A /* libavfilter.a */,
				ED2549C52282AEAA00A8C73A /* libavfilter.a */,
				ED2549B62282AE3800A8C73A /* libavformat.a */,
				ED2549C32282AEAA00A8C73A /* libavformat.a */,
				ED2549B72282AE3800A8C73A /* libavutil.a */,
				ED2549B82282AE3800A8C73A /* libswresample.a */,
				ED2549BA2282AE3800A8C73A /* libswscale.a */,
				ED2549C22282AEAA00A8C73A /* libavutil.a */,
				ED2549C42282AEAA00A8C73A /* libswresample.a */,
				ED2549C62282AEAA00A8C73A /* libswscale.a */,
				ED2549B42282ACD800A8C73A /* libvideoplayer.a */,
			);
			name = Frameworks;
			sourceTree = "<group>";
		};
		EDE2196822801290008FAFF8 = {
			isa = PBXGroup;
			children = (
				0D99803C2CDDB0AD004DF40A /* pandora_player.h */,
				0D99803A2CDDB0A6004DF40A /* h5_player.h */,
				ED6B3D7A286C495A00C374A1 /* atmos_test.mp4 */,
				ED07BE6623A0C4B70049B26F /* header.mp4 */,
				ED07BE5623A08AAF0049B26F /* 1.mp4 */,
				ED07BE5D23A08AAF0049B26F /* 2.mp4 */,
				ED07BE5C23A08AAF0049B26F /* 3.mp4 */,
				ED07BE5B23A08AAF0049B26F /* 4.mp4 */,
				ED07BE5A23A08AAF0049B26F /* LoginBg.mp4 */,
				ED07BE5923A08AAF0049B26F /* LoginVideo.mp4 */,
				ED07BE5823A08AAF0049B26F /* Mpeg4_Video_2.mp4 */,
				ED07BE5723A08AAF0049B26F /* test_mpeg.mp4 */,
				EDE2197322801290008FAFF8 /* demo */,
				EDE2197222801290008FAFF8 /* Products */,
				ED2549B12282853C00A8C73A /* Frameworks */,
			);
			sourceTree = "<group>";
		};
		EDE2197222801290008FAFF8 /* Products */ = {
			isa = PBXGroup;
			children = (
				EDE2197122801290008FAFF8 /* demo.app */,
			);
			name = Products;
			sourceTree = "<group>";
		};
		EDE2197322801290008FAFF8 /* demo */ = {
			isa = PBXGroup;
			children = (
				EDE2197422801290008FAFF8 /* AppDelegate.h */,
				EDE2197522801290008FAFF8 /* AppDelegate.m */,
				EDE2197722801290008FAFF8 /* Renderer.h */,
				EDE2197822801290008FAFF8 /* Renderer.m */,
				EDE2197A22801290008FAFF8 /* GameViewController.h */,
				EDE2197B22801290008FAFF8 /* GameViewController.m */,
				EDE2197D22801290008FAFF8 /* Shaders.metal */,
				EDE2197F22801290008FAFF8 /* ShaderTypes.h */,
				EDE2198022801290008FAFF8 /* Main.storyboard */,
				EDE2198322801291008FAFF8 /* Assets.xcassets */,
				EDE2198522801291008FAFF8 /* LaunchScreen.storyboard */,
				EDE2198822801291008FAFF8 /* Info.plist */,
				EDE2198922801291008FAFF8 /* main.m */,
			);
			path = demo;
			sourceTree = "<group>";
		};
/* End PBXGroup section */

/* Begin PBXNativeTarget section */
		EDE2197022801290008FAFF8 /* demo */ = {
			isa = PBXNativeTarget;
			buildConfigurationList = EDE2198D22801291008FAFF8 /* Build configuration list for PBXNativeTarget "demo" */;
			buildPhases = (
				EDE2196D22801290008FAFF8 /* Sources */,
				EDE2196E22801290008FAFF8 /* Frameworks */,
				EDE2196F22801290008FAFF8 /* Resources */,
				ED97C4CB296D16D0004E6137 /* Embed Frameworks */,
			);
			buildRules = (
			);
			dependencies = (
			);
			name = demo;
			productName = demo;
			productReference = EDE2197122801290008FAFF8 /* demo.app */;
			productType = "com.apple.product-type.application";
		};
/* End PBXNativeTarget section */

/* Begin PBXProject section */
		EDE2196922801290008FAFF8 /* Project object */ = {
			isa = PBXProject;
			attributes = {
				LastUpgradeCheck = 0940;
				ORGANIZATIONNAME = "xanderdeng(邓轩颖)";
				TargetAttributes = {
					EDE2197022801290008FAFF8 = {
						CreatedOnToolsVersion = 9.4.1;
					};
				};
			};
			buildConfigurationList = EDE2196C22801290008FAFF8 /* Build configuration list for PBXProject "demo" */;
			compatibilityVersion = "Xcode 9.3";
			developmentRegion = en;
			hasScannedForEncodings = 0;
			knownRegions = (
				en,
				Base,
			);
			mainGroup = EDE2196822801290008FAFF8;
			productRefGroup = EDE2197222801290008FAFF8 /* Products */;
			projectDirPath = "";
			projectRoot = "";
			targets = (
				EDE2197022801290008FAFF8 /* demo */,
			);
		};
/* End PBXProject section */

/* Begin PBXResourcesBuildPhase section */
		EDE2196F22801290008FAFF8 /* Resources */ = {
			isa = PBXResourcesBuildPhase;
			buildActionMask = 2147483647;
			files = (
				ED6B3D7B286C495A00C374A1 /* atmos_test.mp4 in Resources */,
				ED07BE5E23A08AB00049B26F /* 1.mp4 in Resources */,
				ED07BE5F23A08AB00049B26F /* test_mpeg.mp4 in Resources */,
				ED07BE6023A08AB00049B26F /* Mpeg4_Video_2.mp4 in Resources */,
				ED07BE6123A08AB00049B26F /* LoginVideo.mp4 in Resources */,
				ED07BE6223A08AB00049B26F /* LoginBg.mp4 in Resources */,
				ED07BE6323A08AB00049B26F /* 4.mp4 in Resources */,
				ED07BE6423A08AB00049B26F /* 3.mp4 in Resources */,
				ED07BE6523A08AB00049B26F /* 2.mp4 in Resources */,
				ED07BE6723A0C4B70049B26F /* header.mp4 in Resources */,
				EDE2198722801291008FAFF8 /* LaunchScreen.storyboard in Resources */,
				EDE2198422801291008FAFF8 /* Assets.xcassets in Resources */,
				EDE2198222801290008FAFF8 /* Main.storyboard in Resources */,
			);
			runOnlyForDeploymentPostprocessing = 0;
		};
/* End PBXResourcesBuildPhase section */

/* Begin PBXSourcesBuildPhase section */
		EDE2196D22801290008FAFF8 /* Sources */ = {
			isa = PBXSourcesBuildPhase;
			buildActionMask = 2147483647;
			files = (
				0D99803D2CDDB0AD004DF40A /* pandora_player.h in Sources */,
				0D99803B2CDDB0A6004DF40A /* h5_player.h in Sources */,
				EDE2198A22801291008FAFF8 /* main.m in Sources */,
				EDE2197E22801290008FAFF8 /* Shaders.metal in Sources */,
				EDE2197922801290008FAFF8 /* Renderer.m in Sources */,
				EDE2197C22801290008FAFF8 /* GameViewController.m in Sources */,
				EDE2197622801290008FAFF8 /* AppDelegate.m in Sources */,
			);
			runOnlyForDeploymentPostprocessing = 0;
		};
/* End PBXSourcesBuildPhase section */

/* Begin PBXVariantGroup section */
		EDE2198022801290008FAFF8 /* Main.storyboard */ = {
			isa = PBXVariantGroup;
			children = (
				EDE2198122801290008FAFF8 /* Base */,
			);
			name = Main.storyboard;
			sourceTree = "<group>";
		};
		EDE2198522801291008FAFF8 /* LaunchScreen.storyboard */ = {
			isa = PBXVariantGroup;
			children = (
				EDE2198622801291008FAFF8 /* Base */,
			);
			name = LaunchScreen.storyboard;
			sourceTree = "<group>";
		};
/* End PBXVariantGroup section */

/* Begin XCBuildConfiguration section */
		EDE2198B22801291008FAFF8 /* Debug */ = {
			isa = XCBuildConfiguration;
			buildSettings = {
				ALWAYS_SEARCH_USER_PATHS = NO;
				CLANG_ANALYZER_NONNULL = YES;
				CLANG_ANALYZER_NUMBER_OBJECT_CONVERSION = YES_AGGRESSIVE;
				CLANG_CXX_LANGUAGE_STANDARD = "gnu++14";
				CLANG_CXX_LIBRARY = "libc++";
				CLANG_ENABLE_MODULES = YES;
				CLANG_ENABLE_OBJC_ARC = YES;
				CLANG_ENABLE_OBJC_WEAK = YES;
				CLANG_WARN_BLOCK_CAPTURE_AUTORELEASING = YES;
				CLANG_WARN_BOOL_CONVERSION = YES;
				CLANG_WARN_COMMA = YES;
				CLANG_WARN_CONSTANT_CONVERSION = YES;
				CLANG_WARN_DEPRECATED_OBJC_IMPLEMENTATIONS = YES;
				CLANG_WARN_DIRECT_OBJC_ISA_USAGE = YES_ERROR;
				CLANG_WARN_DOCUMENTATION_COMMENTS = YES;
				CLANG_WARN_EMPTY_BODY = YES;
				CLANG_WARN_ENUM_CONVERSION = YES;
				CLANG_WARN_INFINITE_RECURSION = YES;
				CLANG_WARN_INT_CONVERSION = YES;
				CLANG_WARN_NON_LITERAL_NULL_CONVERSION = YES;
				CLANG_WARN_OBJC_IMPLICIT_RETAIN_SELF = YES;
				CLANG_WARN_OBJC_LITERAL_CONVERSION = YES;
				CLANG_WARN_OBJC_ROOT_CLASS = YES_ERROR;
				CLANG_WARN_RANGE_LOOP_ANALYSIS = YES;
				CLANG_WARN_STRICT_PROTOTYPES = YES;
				CLANG_WARN_SUSPICIOUS_MOVE = YES;
				CLANG_WARN_UNGUARDED_AVAILABILITY = YES_AGGRESSIVE;
				CLANG_WARN_UNREACHABLE_CODE = YES;
				CLANG_WARN__DUPLICATE_METHOD_MATCH = YES;
				CODE_SIGN_IDENTITY = "iPhone Developer";
				COPY_PHASE_STRIP = NO;
				DEBUG_INFORMATION_FORMAT = dwarf;
				ENABLE_STRICT_OBJC_MSGSEND = YES;
				ENABLE_TESTABILITY = YES;
				GCC_C_LANGUAGE_STANDARD = gnu11;
				GCC_DYNAMIC_NO_PIC = NO;
				GCC_NO_COMMON_BLOCKS = YES;
				GCC_OPTIMIZATION_LEVEL = 0;
				GCC_PREPROCESSOR_DEFINITIONS = (
					"DEBUG=1",
					"$(inherited)",
				);
				GCC_WARN_64_TO_32_BIT_CONVERSION = YES;
				GCC_WARN_ABOUT_RETURN_TYPE = YES_ERROR;
				GCC_WARN_UNDECLARED_SELECTOR = YES;
				GCC_WARN_UNINITIALIZED_AUTOS = YES_AGGRESSIVE;
				GCC_WARN_UNUSED_FUNCTION = YES;
				GCC_WARN_UNUSED_VARIABLE = YES;
				IPHONEOS_DEPLOYMENT_TARGET = 11.4;
				MTL_ENABLE_DEBUG_INFO = YES;
				ONLY_ACTIVE_ARCH = YES;
				SDKROOT = iphoneos;
			};
			name = Debug;
		};
		EDE2198C22801291008FAFF8 /* Release */ = {
			isa = XCBuildConfiguration;
			buildSettings = {
				ALWAYS_SEARCH_USER_PATHS = NO;
				CLANG_ANALYZER_NONNULL = YES;
				CLANG_ANALYZER_NUMBER_OBJECT_CONVERSION = YES_AGGRESSIVE;
				CLANG_CXX_LANGUAGE_STANDARD = "gnu++14";
				CLANG_CXX_LIBRARY = "libc++";
				CLANG_ENABLE_MODULES = YES;
				CLANG_ENABLE_OBJC_ARC = YES;
				CLANG_ENABLE_OBJC_WEAK = YES;
				CLANG_WARN_BLOCK_CAPTURE_AUTORELEASING = YES;
				CLANG_WARN_BOOL_CONVERSION = YES;
				CLANG_WARN_COMMA = YES;
				CLANG_WARN_CONSTANT_CONVERSION = YES;
				CLANG_WARN_DEPRECATED_OBJC_IMPLEMENTATIONS = YES;
				CLANG_WARN_DIRECT_OBJC_ISA_USAGE = YES_ERROR;
				CLANG_WARN_DOCUMENTATION_COMMENTS = YES;
				CLANG_WARN_EMPTY_BODY = YES;
				CLANG_WARN_ENUM_CONVERSION = YES;
				CLANG_WARN_INFINITE_RECURSION = YES;
				CLANG_WARN_INT_CONVERSION = YES;
				CLANG_WARN_NON_LITERAL_NULL_CONVERSION = YES;
				CLANG_WARN_OBJC_IMPLICIT_RETAIN_SELF = YES;
				CLANG_WARN_OBJC_LITERAL_CONVERSION = YES;
				CLANG_WARN_OBJC_ROOT_CLASS = YES_ERROR;
				CLANG_WARN_RANGE_LOOP_ANALYSIS = YES;
				CLANG_WARN_STRICT_PROTOTYPES = YES;
				CLANG_WARN_SUSPICIOUS_MOVE = YES;
				CLANG_WARN_UNGUARDED_AVAILABILITY = YES_AGGRESSIVE;
				CLANG_WARN_UNREACHABLE_CODE = YES;
				CLANG_WARN__DUPLICATE_METHOD_MATCH = YES;
				CODE_SIGN_IDENTITY = "iPhone Developer";
				COPY_PHASE_STRIP = NO;
				DEBUG_INFORMATION_FORMAT = "dwarf-with-dsym";
				ENABLE_NS_ASSERTIONS = NO;
				ENABLE_STRICT_OBJC_MSGSEND = YES;
				GCC_C_LANGUAGE_STANDARD = gnu11;
				GCC_NO_COMMON_BLOCKS = YES;
				GCC_WARN_64_TO_32_BIT_CONVERSION = YES;
				GCC_WARN_ABOUT_RETURN_TYPE = YES_ERROR;
				GCC_WARN_UNDECLARED_SELECTOR = YES;
				GCC_WARN_UNINITIALIZED_AUTOS = YES_AGGRESSIVE;
				GCC_WARN_UNUSED_FUNCTION = YES;
				GCC_WARN_UNUSED_VARIABLE = YES;
				IPHONEOS_DEPLOYMENT_TARGET = 11.4;
				MTL_ENABLE_DEBUG_INFO = NO;
				SDKROOT = iphoneos;
				VALIDATE_PRODUCT = YES;
			};
			name = Release;
		};
		EDE2198E22801291008FAFF8 /* Debug */ = {
			isa = XCBuildConfiguration;
			buildSettings = {
				ASSETCATALOG_COMPILER_APPICON_NAME = AppIcon;
				CODE_SIGN_IDENTITY = "iPhone Developer";
				CODE_SIGN_STYLE = Automatic;
				DEBUG_INFORMATION_FORMAT = "dwarf-with-dsym";
				DEVELOPMENT_TEAM = S477F98MZ6;
				ENABLE_BITCODE = NO;
				FRAMEWORK_SEARCH_PATHS = (
					"$(inherited)",
					"$(PROJECT_DIR)/demo/Frameworks",
					"$(PROJECT_DIR)/../pxauth/lib",
					"$(PROJECT_DIR)/../pixuiCurl/lib",
				);
				HEADER_SEARCH_PATHS = "";
				INFOPLIST_FILE = demo/Info.plist;
				IPHONEOS_DEPLOYMENT_TARGET = 10.0;
				LD_GENERATE_MAP_FILE = YES;
				LD_RUNPATH_SEARCH_PATHS = (
					"$(inherited)",
					"@executable_path/Frameworks",
				);
				LIBRARY_SEARCH_PATHS = (
					"$(inherited)",
					"$(PROJECT_DIR)/demo/lib",
				);
				OTHER_LDFLAGS = "";
				PRODUCT_BUNDLE_IDENTIFIER = com.DefaultCompany.VideoPlayerSampleios;
				PRODUCT_NAME = "$(TARGET_NAME)";
				PROVISIONING_PROFILE_SPECIFIER = "";
				TARGETED_DEVICE_FAMILY = "1,2";
				VALIDATE_WORKSPACE = YES;
				VALID_ARCHS = arm64;
			};
			name = Debug;
		};
		EDE2198F22801291008FAFF8 /* Release */ = {
			isa = XCBuildConfiguration;
			buildSettings = {
				ASSETCATALOG_COMPILER_APPICON_NAME = AppIcon;
				CODE_SIGN_IDENTITY = "iPhone Developer";
				CODE_SIGN_STYLE = Automatic;
				DEBUG_INFORMATION_FORMAT = "dwarf-with-dsym";
				DEVELOPMENT_TEAM = S477F98MZ6;
				ENABLE_BITCODE = NO;
				FRAMEWORK_SEARCH_PATHS = (
					"$(inherited)",
					"$(PROJECT_DIR)/demo/Frameworks",
					"$(PROJECT_DIR)/../pxauth/lib",
					"$(PROJECT_DIR)/../pixuiCurl/lib",
				);
				HEADER_SEARCH_PATHS = "";
				INFOPLIST_FILE = demo/Info.plist;
				IPHONEOS_DEPLOYMENT_TARGET = 10.0;
				LD_GENERATE_MAP_FILE = YES;
				LD_MAP_FILE_PATH = "$(TARGET_TEMP_DIR)/$(PRODUCT_NAME)-LinkMap-$(CURRENT_VARIANT)-$(CURRENT_ARCH).txt";
				"LD_MAP_FILE_PATH[arch=*]" = "/Users/xanderdeng/pixui_ijkplayer/ios/demo/demo-linkmap.txt";
				LD_RUNPATH_SEARCH_PATHS = (
					"$(inherited)",
					"@executable_path/Frameworks",
				);
				LIBRARY_SEARCH_PATHS = (
					"$(inherited)",
					"$(PROJECT_DIR)/demo/lib",
				);
				OTHER_LDFLAGS = "";
				PRODUCT_BUNDLE_IDENTIFIER = com.DefaultCompany.VideoPlayerSampleios;
				PRODUCT_NAME = "$(TARGET_NAME)";
				PROVISIONING_PROFILE_SPECIFIER = "";
				TARGETED_DEVICE_FAMILY = "1,2";
				VALIDATE_WORKSPACE = YES;
				VALID_ARCHS = arm64;
			};
			name = Release;
		};
/* End XCBuildConfiguration section */

/* Begin XCConfigurationList section */
		EDE2196C22801290008FAFF8 /* Build configuration list for PBXProject "demo" */ = {
			isa = XCConfigurationList;
			buildConfigurations = (
				EDE2198B22801291008FAFF8 /* Debug */,
				EDE2198C22801291008FAFF8 /* Release */,
			);
			defaultConfigurationIsVisible = 0;
			defaultConfigurationName = Release;
		};
		EDE2198D22801291008FAFF8 /* Build configuration list for PBXNativeTarget "demo" */ = {
			isa = XCConfigurationList;
			buildConfigurations = (
				EDE2198E22801291008FAFF8 /* Debug */,
				EDE2198F22801291008FAFF8 /* Release */,
			);
			defaultConfigurationIsVisible = 0;
			defaultConfigurationName = Release;
		};
/* End XCConfigurationList section */
	};
	rootObject = EDE2196922801290008FAFF8 /* Project object */;
}
