
Microsoft Visual Studio Solution File, Format Version 12.00
# Visual Studio Version 16
VisualStudioVersion = 16.0.31313.79
MinimumVisualStudioVersion = 10.0.40219.1
Project("{8BC9CEB8-8B4A-11D0-8D11-00A0C91BC942}") = "PixVideoCore", "PixVideoCore.vcxproj", "{F5F1F64B-C8DF-4F5F-A026-6D592D9AB286}"
EndProject
Global
	GlobalSection(SolutionConfigurationPlatforms) = preSolution
		Debug|x64 = Debug|x64
		Debug|x86 = Debug|x86
		Release|x64 = Release|x64
		Release|x86 = Release|x86
	EndGlobalSection
	GlobalSection(ProjectConfigurationPlatforms) = postSolution
		{F5F1F64B-C8DF-4F5F-A026-6D592D9AB286}.Debug|x64.ActiveCfg = Debug|x64
		{F5F1F64B-C8DF-4F5F-A026-6D592D9AB286}.Debug|x64.Build.0 = Debug|x64
		{F5F1F64B-C8DF-4F5F-A026-6D592D9AB286}.Debug|x86.ActiveCfg = Debug|Win32
		{F5F1F64B-C8DF-4F5F-A026-6D592D9AB286}.Debug|x86.Build.0 = Debug|Win32
		{F5F1F64B-C8DF-4F5F-A026-6D592D9AB286}.Release|x64.ActiveCfg = Release|x64
		{F5F1F64B-C8DF-4F5F-A026-6D592D9AB286}.Release|x64.Build.0 = Release|x64
		{F5F1F64B-C8DF-4F5F-A026-6D592D9AB286}.Release|x86.ActiveCfg = Release|Win32
		{F5F1F64B-C8DF-4F5F-A026-6D592D9AB286}.Release|x86.Build.0 = Release|Win32
	EndGlobalSection
	GlobalSection(SolutionProperties) = preSolution
		HideSolutionNode = FALSE
	EndGlobalSection
	GlobalSection(ExtensibilityGlobals) = postSolution
		SolutionGuid = {996DBF6A-53F6-47AF-88E9-75354C620C97}
	EndGlobalSection
EndGlobal
