<?xml version="1.0" encoding="utf-8"?>
<Project ToolsVersion="4.0" xmlns="http://schemas.microsoft.com/developer/msbuild/2003">
  <ItemGroup>
    <ClCompile Include="..\..\ijkmedia\ijkplayer\ff_cmdutils.c" />
    <ClCompile Include="..\..\ijkmedia\ijkplayer\ff_ffpipeline.c" />
    <ClCompile Include="..\..\ijkmedia\ijkplayer\ff_ffpipenode.c" />
    <ClCompile Include="..\..\ijkmedia\ijkplayer\ff_ffplay.c" />
    <ClCompile Include="..\..\ijkmedia\ijkplayer\ijkavformat\allformats.c" />
    <ClCompile Include="..\..\ijkmedia\ijkplayer\ijkavformat\ijkasync.c" />
    <ClCompile Include="..\..\ijkmedia\ijkplayer\ijkavformat\ijkio.c" />
    <ClCompile Include="..\..\ijkmedia\ijkplayer\ijkavformat\ijkioapplication.c" />
    <ClCompile Include="..\..\ijkmedia\ijkplayer\ijkavformat\ijkiocache.c" />
    <ClCompile Include="..\..\ijkmedia\ijkplayer\ijkavformat\ijkioffio.c" />
    <ClCompile Include="..\..\ijkmedia\ijkplayer\ijkavformat\ijkiomanager.c" />
    <ClCompile Include="..\..\ijkmedia\ijkplayer\ijkavformat\ijkioprotocol.c" />
    <ClCompile Include="..\..\ijkmedia\ijkplayer\ijkavformat\ijkiourlhook.c" />
    <ClCompile Include="..\..\ijkmedia\ijkplayer\ijkavformat\ijklivehook.c" />
    <ClCompile Include="..\..\ijkmedia\ijkplayer\ijkavformat\ijklongurl.c" />
    <ClCompile Include="..\..\ijkmedia\ijkplayer\ijkavformat\ijkmediadatasource.c" />
    <ClCompile Include="..\..\ijkmedia\ijkplayer\ijkavformat\ijksegment.c" />
    <ClCompile Include="..\..\ijkmedia\ijkplayer\ijkavformat\ijkurlhook.c" />
    <ClCompile Include="..\..\ijkmedia\ijkplayer\ijkavutil\ijkdict.c" />
    <ClCompile Include="..\..\ijkmedia\ijkplayer\ijkavutil\ijkfifo.c" />
    <ClCompile Include="..\..\ijkmedia\ijkplayer\ijkavutil\ijkstl.c" />
    <ClCompile Include="..\..\ijkmedia\ijkplayer\ijkavutil\ijkthreadpool.c" />
    <ClCompile Include="..\..\ijkmedia\ijkplayer\ijkavutil\ijktree.c" />
    <ClCompile Include="..\..\ijkmedia\ijkplayer\ijkavutil\ijkutils.c" />
    <ClCompile Include="..\..\ijkmedia\ijkplayer\ijkmeta.c" />
    <ClCompile Include="..\..\ijkmedia\ijkplayer\ijkplayer.c" />
    <ClCompile Include="..\..\ijkmedia\ijkplayer\pipeline\ffpipenode_ffplay_vdec.c" />
    <ClCompile Include="..\..\ijkmedia\ijksdl\ffmpeg\abi_all\image_convert.c" />
    <ClCompile Include="..\..\ijkmedia\ijksdl\ffmpeg\ijksdl_vout_overlay_ffmpeg.c" />
    <ClCompile Include="..\..\ijkmedia\ijksdl\ijksdl_aout.c" />
    <ClCompile Include="..\..\ijkmedia\ijksdl\ijksdl_audio.c" />
    <ClCompile Include="..\..\ijkmedia\ijksdl\ijksdl_error.c" />
    <ClCompile Include="..\..\ijkmedia\ijksdl\ijksdl_log.c" />
    <ClCompile Include="..\..\ijkmedia\ijksdl\ijksdl_mutex.c" />
    <ClCompile Include="..\..\ijkmedia\ijksdl\ijksdl_stdinc.c" />
    <ClCompile Include="..\..\ijkmedia\ijksdl\ijksdl_thread.c" />
    <ClCompile Include="..\..\ijkmedia\ijksdl\ijksdl_timer.c" />
    <ClCompile Include="..\..\ijkmedia\ijksdl\ijksdl_vout.c" />
    <ClCompile Include="..\..\ijkmedia\libyuv\source\compare.cc" />
    <ClCompile Include="..\..\ijkmedia\libyuv\source\compare_common.cc" />
    <ClCompile Include="..\..\ijkmedia\libyuv\source\compare_gcc.cc" />
    <ClCompile Include="..\..\ijkmedia\libyuv\source\compare_mmi.cc" />
    <ClCompile Include="..\..\ijkmedia\libyuv\source\compare_msa.cc" />
    <ClCompile Include="..\..\ijkmedia\libyuv\source\compare_neon.cc" />
    <ClCompile Include="..\..\ijkmedia\libyuv\source\compare_neon64.cc" />
    <ClCompile Include="..\..\ijkmedia\libyuv\source\compare_win.cc" />
    <ClCompile Include="..\..\ijkmedia\libyuv\source\convert.cc" />
    <ClCompile Include="..\..\ijkmedia\libyuv\source\convert_argb.cc" />
    <ClCompile Include="..\..\ijkmedia\libyuv\source\convert_from.cc" />
    <ClCompile Include="..\..\ijkmedia\libyuv\source\convert_from_argb.cc" />
    <ClCompile Include="..\..\ijkmedia\libyuv\source\convert_jpeg.cc" />
    <ClCompile Include="..\..\ijkmedia\libyuv\source\convert_to_argb.cc" />
    <ClCompile Include="..\..\ijkmedia\libyuv\source\convert_to_i420.cc" />
    <ClCompile Include="..\..\ijkmedia\libyuv\source\cpu_id.cc" />
    <ClCompile Include="..\..\ijkmedia\libyuv\source\mjpeg_decoder.cc" />
    <ClCompile Include="..\..\ijkmedia\libyuv\source\mjpeg_validate.cc" />
    <ClCompile Include="..\..\ijkmedia\libyuv\source\planar_functions.cc" />
    <ClCompile Include="..\..\ijkmedia\libyuv\source\rotate.cc" />
    <ClCompile Include="..\..\ijkmedia\libyuv\source\rotate_any.cc" />
    <ClCompile Include="..\..\ijkmedia\libyuv\source\rotate_argb.cc" />
    <ClCompile Include="..\..\ijkmedia\libyuv\source\rotate_common.cc" />
    <ClCompile Include="..\..\ijkmedia\libyuv\source\rotate_gcc.cc" />
    <ClCompile Include="..\..\ijkmedia\libyuv\source\rotate_mmi.cc" />
    <ClCompile Include="..\..\ijkmedia\libyuv\source\rotate_msa.cc" />
    <ClCompile Include="..\..\ijkmedia\libyuv\source\rotate_neon.cc" />
    <ClCompile Include="..\..\ijkmedia\libyuv\source\rotate_neon64.cc" />
    <ClCompile Include="..\..\ijkmedia\libyuv\source\rotate_win.cc" />
    <ClCompile Include="..\..\ijkmedia\libyuv\source\row_any.cc" />
    <ClCompile Include="..\..\ijkmedia\libyuv\source\row_common.cc" />
    <ClCompile Include="..\..\ijkmedia\libyuv\source\row_gcc.cc" />
    <ClCompile Include="..\..\ijkmedia\libyuv\source\row_mmi.cc" />
    <ClCompile Include="..\..\ijkmedia\libyuv\source\row_msa.cc" />
    <ClCompile Include="..\..\ijkmedia\libyuv\source\row_neon.cc" />
    <ClCompile Include="..\..\ijkmedia\libyuv\source\row_neon64.cc" />
    <ClCompile Include="..\..\ijkmedia\libyuv\source\row_win.cc" />
    <ClCompile Include="..\..\ijkmedia\libyuv\source\scale.cc" />
    <ClCompile Include="..\..\ijkmedia\libyuv\source\scale_any.cc" />
    <ClCompile Include="..\..\ijkmedia\libyuv\source\scale_argb.cc" />
    <ClCompile Include="..\..\ijkmedia\libyuv\source\scale_common.cc" />
    <ClCompile Include="..\..\ijkmedia\libyuv\source\scale_gcc.cc" />
    <ClCompile Include="..\..\ijkmedia\libyuv\source\scale_mmi.cc" />
    <ClCompile Include="..\..\ijkmedia\libyuv\source\scale_msa.cc" />
    <ClCompile Include="..\..\ijkmedia\libyuv\source\scale_neon.cc" />
    <ClCompile Include="..\..\ijkmedia\libyuv\source\scale_neon64.cc" />
    <ClCompile Include="..\..\ijkmedia\libyuv\source\scale_win.cc" />
    <ClCompile Include="..\..\ijkmedia\libyuv\source\video_common.cc" />
    <ClCompile Include="ffmpeg\libavformat\async.c" />
    <ClCompile Include="ffmpeg\libavutil\application.c" />
    <ClCompile Include="..\..\ijkmedia\ijkplayer\pipeline\ffpipenode_ffplay_adec.c" />
    <ClCompile Include="..\..\ijkmedia\ijkplayer\ijkavformat\ijkcacheutil.c" />
    <ClCompile Include="..\..\ijkmedia\ijkplayer\ijkplayer_delegate_def.c" />
    <ClCompile Include="..\..\ijkmedia\ijksdl\ijksdl_windows_interface.c" />
  </ItemGroup>
  <ItemGroup>
    <ClInclude Include="..\..\ijkmedia\ijkplayer\config.h" />
    <ClInclude Include="..\..\ijkmedia\ijkplayer\ff_cmdutils.h" />
    <ClInclude Include="..\..\ijkmedia\ijkplayer\ff_fferror.h" />
    <ClInclude Include="..\..\ijkmedia\ijkplayer\ff_ffinc.h" />
    <ClInclude Include="..\..\ijkmedia\ijkplayer\ff_ffmsg.h" />
    <ClInclude Include="..\..\ijkmedia\ijkplayer\ff_ffmsg_queue.h" />
    <ClInclude Include="..\..\ijkmedia\ijkplayer\ff_ffpipeline.h" />
    <ClInclude Include="..\..\ijkmedia\ijkplayer\ff_ffpipenode.h" />
    <ClInclude Include="..\..\ijkmedia\ijkplayer\ff_ffplay.h" />
    <ClInclude Include="..\..\ijkmedia\ijkplayer\ff_ffplay_debug.h" />
    <ClInclude Include="..\..\ijkmedia\ijkplayer\ff_ffplay_def.h" />
    <ClInclude Include="..\..\ijkmedia\ijkplayer\ff_ffplay_options.h" />
    <ClInclude Include="..\..\ijkmedia\ijkplayer\ijkavformat\ijkavformat.h" />
    <ClInclude Include="..\..\ijkmedia\ijkplayer\ijkavformat\ijkioapplication.h" />
    <ClInclude Include="..\..\ijkmedia\ijkplayer\ijkavformat\ijkiomanager.h" />
    <ClInclude Include="..\..\ijkmedia\ijkplayer\ijkavformat\ijkioprotocol.h" />
    <ClInclude Include="..\..\ijkmedia\ijkplayer\ijkavformat\ijkiourl.h" />
    <ClInclude Include="..\..\ijkmedia\ijkplayer\ijkavutil\ijkdict.h" />
    <ClInclude Include="..\..\ijkmedia\ijkplayer\ijkavutil\ijkfifo.h" />
    <ClInclude Include="..\..\ijkmedia\ijkplayer\ijkavutil\ijkstl.h" />
    <ClInclude Include="..\..\ijkmedia\ijkplayer\ijkavutil\ijkthreadpool.h" />
    <ClInclude Include="..\..\ijkmedia\ijkplayer\ijkavutil\ijktree.h" />
    <ClInclude Include="..\..\ijkmedia\ijkplayer\ijkavutil\ijkutils.h" />
    <ClInclude Include="..\..\ijkmedia\ijkplayer\ijkavutil\opt.h" />
    <ClInclude Include="..\..\ijkmedia\ijkplayer\ijkmeta.h" />
    <ClInclude Include="..\..\ijkmedia\ijkplayer\ijkplayer.h" />
    <ClInclude Include="..\..\ijkmedia\ijkplayer\ijkplayer_internal.h" />
    <ClInclude Include="..\..\ijkmedia\ijkplayer\ijkversion.h" />
    <ClInclude Include="..\..\ijkmedia\ijkplayer\pipeline\ffpipenode_ffplay_vdec.h" />
    <ClInclude Include="..\..\ijkmedia\ijksdl\ffmpeg\ijksdl_image_convert.h" />
    <ClInclude Include="..\..\ijkmedia\ijksdl\ffmpeg\ijksdl_inc_ffmpeg.h" />
    <ClInclude Include="..\..\ijkmedia\ijksdl\ffmpeg\ijksdl_vout_overlay_ffmpeg.h" />
    <ClInclude Include="..\..\ijkmedia\ijksdl\ijksdl.h" />
    <ClInclude Include="..\..\ijkmedia\ijksdl\ijksdl_aout.h" />
    <ClInclude Include="..\..\ijkmedia\ijksdl\ijksdl_aout_internal.h" />
    <ClInclude Include="..\..\ijkmedia\ijksdl\ijksdl_audio.h" />
    <ClInclude Include="..\..\ijkmedia\ijksdl\ijksdl_class.h" />
    <ClInclude Include="..\..\ijkmedia\ijksdl\ijksdl_container.h" />
    <ClInclude Include="..\..\ijkmedia\ijksdl\ijksdl_endian.h" />
    <ClInclude Include="..\..\ijkmedia\ijksdl\ijksdl_error.h" />
    <ClInclude Include="..\..\ijkmedia\ijksdl\ijksdl_fourcc.h" />
    <ClInclude Include="..\..\ijkmedia\ijksdl\ijksdl_gles2.h" />
    <ClInclude Include="..\..\ijkmedia\ijksdl\ijksdl_inc_internal.h" />
    <ClInclude Include="..\..\ijkmedia\ijksdl\ijksdl_log.h" />
    <ClInclude Include="..\..\ijkmedia\ijksdl\ijksdl_misc.h" />
    <ClInclude Include="..\..\ijkmedia\ijksdl\ijksdl_mutex.h" />
    <ClInclude Include="..\..\ijkmedia\ijksdl\ijksdl_stdinc.h" />
    <ClInclude Include="..\..\ijkmedia\ijksdl\ijksdl_thread.h" />
    <ClInclude Include="..\..\ijkmedia\ijksdl\ijksdl_timer.h" />
    <ClInclude Include="..\..\ijkmedia\ijksdl\ijksdl_video.h" />
    <ClInclude Include="..\..\ijkmedia\ijksdl\ijksdl_vout.h" />
    <ClInclude Include="..\..\ijkmedia\ijksdl\ijksdl_vout_internal.h" />
    <ClInclude Include="..\..\ijkmedia\libyuv\include\libyuv.h" />
    <ClInclude Include="..\..\ijkmedia\libyuv\include\libyuv\basic_types.h" />
    <ClInclude Include="..\..\ijkmedia\libyuv\include\libyuv\compare.h" />
    <ClInclude Include="..\..\ijkmedia\libyuv\include\libyuv\compare_row.h" />
    <ClInclude Include="..\..\ijkmedia\libyuv\include\libyuv\convert.h" />
    <ClInclude Include="..\..\ijkmedia\libyuv\include\libyuv\convert_argb.h" />
    <ClInclude Include="..\..\ijkmedia\libyuv\include\libyuv\convert_from.h" />
    <ClInclude Include="..\..\ijkmedia\libyuv\include\libyuv\convert_from_argb.h" />
    <ClInclude Include="..\..\ijkmedia\libyuv\include\libyuv\cpu_id.h" />
    <ClInclude Include="..\..\ijkmedia\libyuv\include\libyuv\macros_msa.h" />
    <ClInclude Include="..\..\ijkmedia\libyuv\include\libyuv\mjpeg_decoder.h" />
    <ClInclude Include="..\..\ijkmedia\libyuv\include\libyuv\planar_functions.h" />
    <ClInclude Include="..\..\ijkmedia\libyuv\include\libyuv\rotate.h" />
    <ClInclude Include="..\..\ijkmedia\libyuv\include\libyuv\rotate_argb.h" />
    <ClInclude Include="..\..\ijkmedia\libyuv\include\libyuv\rotate_row.h" />
    <ClInclude Include="..\..\ijkmedia\libyuv\include\libyuv\row.h" />
    <ClInclude Include="..\..\ijkmedia\libyuv\include\libyuv\scale.h" />
    <ClInclude Include="..\..\ijkmedia\libyuv\include\libyuv\scale_argb.h" />
    <ClInclude Include="..\..\ijkmedia\libyuv\include\libyuv\scale_row.h" />
    <ClInclude Include="..\..\ijkmedia\libyuv\include\libyuv\version.h" />
    <ClInclude Include="..\..\ijkmedia\libyuv\include\libyuv\video_common.h" />
    <ClInclude Include="ffmpeg\libavutil\application.h" />
    <ClInclude Include="..\..\ijkmedia\ijkplayer\pipeline\ffpipenode_ffplay_adec.h" />
    <ClInclude Include="..\..\ijkmedia\ijkplayer\ijkplayer_delegate_def.h" />
    <ClInclude Include="..\..\ijkmedia\ijksdl\ijksdl_windows_interface.h" />
  </ItemGroup>
  <ItemGroup>
    <None Include="packages.config" />
  </ItemGroup>
</Project>